
Microsoft Visual Studio Solution File, Format Version 12.00
# Visual Studio Version 17
VisualStudioVersion = 17.0.31903.59
MinimumVisualStudioVersion = 10.0.40219.1
Project("{2150E333-8FDC-42A3-9474-1A3956D46DE8}") = "src", "src", "{CD5D9CD9-D308-4005-B4CC-67407803B615}"
EndProject
Project("{FAE04EC0-301F-11D3-BF4B-00C04F79EFBC}") = "UnicodeSearcher", "src\UnicodeSearcher\UnicodeSearcher.csproj", "{0A01C576-7CE6-41FA-BE15-31E18C5E3D5C}"
EndProject
Global
	GlobalSection(SolutionConfigurationPlatforms) = preSolution
		Debug|Any CPU = Debug|Any CPU
		Release|Any CPU = Release|Any CPU
	EndGlobalSection
	GlobalSection(SolutionProperties) = preSolution
		HideSolutionNode = FALSE
	EndGlobalSection
	GlobalSection(ProjectConfigurationPlatforms) = postSolution
		{0A01C576-7CE6-41FA-BE15-31E18C5E3D5C}.Debug|Any CPU.ActiveCfg = Debug|Any CPU
		{0A01C576-7CE6-41FA-BE15-31E18C5E3D5C}.Debug|Any CPU.Build.0 = Debug|Any CPU
		{0A01C576-7CE6-41FA-BE15-31E18C5E3D5C}.Release|Any CPU.ActiveCfg = Release|Any CPU
		{0A01C576-7CE6-41FA-BE15-31E18C5E3D5C}.Release|Any CPU.Build.0 = Release|Any CPU
	EndGlobalSection
	GlobalSection(NestedProjects) = preSolution
		{0A01C576-7CE6-41FA-BE15-31E18C5E3D5C} = {CD5D9CD9-D308-4005-B4CC-67407803B615}
	EndGlobalSection
EndGlobal
